
Microsoft Visual Studio Solution File, Format Version 12.00
# Visual Studio Version 16
VisualStudioVersion = 16.0.30611.23
MinimumVisualStudioVersion = 10.0.40219.1
Project("{F2A71F9B-5D33-465A-A702-920D77279786}") = "ComicBookGallery", "ComicBookGallery\ComicBookGallery.fsproj", "{65340EAC-AB57-4EEC-952E-D56CD11EB747}"
EndProject
Global
	GlobalSection(SolutionConfigurationPlatforms) = preSolution
		Debug|Any CPU = Debug|Any CPU
		Release|Any CPU = Release|Any CPU
	EndGlobalSection
	GlobalSection(ProjectConfigurationPlatforms) = postSolution
		{65340EAC-AB57-4EEC-952E-D56CD11EB747}.Debug|Any CPU.ActiveCfg = Debug|Any CPU
		{65340EAC-AB57-4EEC-952E-D56CD11EB747}.Debug|Any CPU.Build.0 = Debug|Any CPU
		{65340EAC-AB57-4EEC-952E-D56CD11EB747}.Release|Any CPU.ActiveCfg = Release|Any CPU
		{65340EAC-AB57-4EEC-952E-D56CD11EB747}.Release|Any CPU.Build.0 = Release|Any CPU
	EndGlobalSection
	GlobalSection(SolutionProperties) = preSolution
		HideSolutionNode = FALSE
	EndGlobalSection
	GlobalSection(ExtensibilityGlobals) = postSolution
		SolutionGuid = {74E321BA-429F-425D-BA81-71F17034D404}
	EndGlobalSection
EndGlobal
